
Microsoft Visual Studio Solution File, Format Version 12.00
# Visual Studio 15
VisualStudioVersion = 15.0.27004.2005
MinimumVisualStudioVersion = 10.0.40219.1
Project("{FAE04EC0-301F-11D3-BF4B-00C04F79EFBC}") = "P01-Pokemon", "P01-Pokemon\P01-Pokemon.csproj", "{2F803722-D79C-4357-99FB-E2E2BF34F654}"
EndProject
Project("{FAE04EC0-301F-11D3-BF4B-00C04F79EFBC}") = "P02-Pokemon-Don't-Go", "P02-Pokemon-Don't-Go\P02-Pokemon-Don't-Go.csproj", "{C1B6D83B-86B8-4E89-8166-672C6789BEC1}"
EndProject
Project("{FAE04EC0-301F-11D3-BF4B-00C04F79EFBC}") = "P03-Regexmon", "P03-Regexmon\P03-Regexmon.csproj", "{9ADC94A4-1C08-4A30-AD82-8054464F3576}"
EndProject
Project("{FAE04EC0-301F-11D3-BF4B-00C04F79EFBC}") = "P04-Pokemon-Evolution", "P04-Pokemon-Evolution\P04-Pokemon-Evolution.csproj", "{8F8A3C6F-5006-4A8A-BB59-42A582B466BE}"
EndProject
Global
	GlobalSection(SolutionConfigurationPlatforms) = preSolution
		Debug|Any CPU = Debug|Any CPU
		Release|Any CPU = Release|Any CPU
	EndGlobalSection
	GlobalSection(ProjectConfigurationPlatforms) = postSolution
		{2F803722-D79C-4357-99FB-E2E2BF34F654}.Debug|Any CPU.ActiveCfg = Debug|Any CPU
		{2F803722-D79C-4357-99FB-E2E2BF34F654}.Debug|Any CPU.Build.0 = Debug|Any CPU
		{2F803722-D79C-4357-99FB-E2E2BF34F654}.Release|Any CPU.ActiveCfg = Release|Any CPU
		{2F803722-D79C-4357-99FB-E2E2BF34F654}.Release|Any CPU.Build.0 = Release|Any CPU
		{C1B6D83B-86B8-4E89-8166-672C6789BEC1}.Debug|Any CPU.ActiveCfg = Debug|Any CPU
		{C1B6D83B-86B8-4E89-8166-672C6789BEC1}.Debug|Any CPU.Build.0 = Debug|Any CPU
		{C1B6D83B-86B8-4E89-8166-672C6789BEC1}.Release|Any CPU.ActiveCfg = Release|Any CPU
		{C1B6D83B-86B8-4E89-8166-672C6789BEC1}.Release|Any CPU.Build.0 = Release|Any CPU
		{9ADC94A4-1C08-4A30-AD82-8054464F3576}.Debug|Any CPU.ActiveCfg = Debug|Any CPU
		{9ADC94A4-1C08-4A30-AD82-8054464F3576}.Debug|Any CPU.Build.0 = Debug|Any CPU
		{9ADC94A4-1C08-4A30-AD82-8054464F3576}.Release|Any CPU.ActiveCfg = Release|Any CPU
		{9ADC94A4-1C08-4A30-AD82-8054464F3576}.Release|Any CPU.Build.0 = Release|Any CPU
		{8F8A3C6F-5006-4A8A-BB59-42A582B466BE}.Debug|Any CPU.ActiveCfg = Debug|Any CPU
		{8F8A3C6F-5006-4A8A-BB59-42A582B466BE}.Debug|Any CPU.Build.0 = Debug|Any CPU
		{8F8A3C6F-5006-4A8A-BB59-42A582B466BE}.Release|Any CPU.ActiveCfg = Release|Any CPU
		{8F8A3C6F-5006-4A8A-BB59-42A582B466BE}.Release|Any CPU.Build.0 = Release|Any CPU
	EndGlobalSection
	GlobalSection(SolutionProperties) = preSolution
		HideSolutionNode = FALSE
	EndGlobalSection
	GlobalSection(ExtensibilityGlobals) = postSolution
		SolutionGuid = {809B4AD2-E30B-49F0-8EF1-254A55D6DC18}
	EndGlobalSection
EndGlobal
