
Microsoft Visual Studio Solution File, Format Version 12.00
# Visual Studio 15
VisualStudioVersion = 15.0.27004.2005
MinimumVisualStudioVersion = 10.0.40219.1
Project("{FAE04EC0-301F-11D3-BF4B-00C04F79EFBC}") = "P01-Charity-Marathon", "P01-Charity-Marathon\P01-Charity-Marathon.csproj", "{3B05DB4F-CF6C-41DA-BBF2-FF585F950B78}"
EndProject
Project("{FAE04EC0-301F-11D3-BF4B-00C04F79EFBC}") = "P02-Ladybugs", "P02-Ladybugs\P02-Ladybugs.csproj", "{770069CF-FD70-40C6-8D87-41781FBC2CEB}"
EndProject
Project("{FAE04EC0-301F-11D3-BF4B-00C04F79EFBC}") = "P03-Nether-Realms", "P03-Nether-Realms\P03-Nether-Realms.csproj", "{2789EDAA-08D0-4AA0-91CA-D634E78CC908}"
EndProject
Project("{FAE04EC0-301F-11D3-BF4B-00C04F79EFBC}") = "P04-Roli-the-Coder", "P04-Roli-the-Coder\P04-Roli-the-Coder.csproj", "{952C29D0-3A3A-439B-8CFA-F87AB8AE2072}"
EndProject
Global
	GlobalSection(SolutionConfigurationPlatforms) = preSolution
		Debug|Any CPU = Debug|Any CPU
		Release|Any CPU = Release|Any CPU
	EndGlobalSection
	GlobalSection(ProjectConfigurationPlatforms) = postSolution
		{3B05DB4F-CF6C-41DA-BBF2-FF585F950B78}.Debug|Any CPU.ActiveCfg = Debug|Any CPU
		{3B05DB4F-CF6C-41DA-BBF2-FF585F950B78}.Debug|Any CPU.Build.0 = Debug|Any CPU
		{3B05DB4F-CF6C-41DA-BBF2-FF585F950B78}.Release|Any CPU.ActiveCfg = Release|Any CPU
		{3B05DB4F-CF6C-41DA-BBF2-FF585F950B78}.Release|Any CPU.Build.0 = Release|Any CPU
		{770069CF-FD70-40C6-8D87-41781FBC2CEB}.Debug|Any CPU.ActiveCfg = Debug|Any CPU
		{770069CF-FD70-40C6-8D87-41781FBC2CEB}.Debug|Any CPU.Build.0 = Debug|Any CPU
		{770069CF-FD70-40C6-8D87-41781FBC2CEB}.Release|Any CPU.ActiveCfg = Release|Any CPU
		{770069CF-FD70-40C6-8D87-41781FBC2CEB}.Release|Any CPU.Build.0 = Release|Any CPU
		{2789EDAA-08D0-4AA0-91CA-D634E78CC908}.Debug|Any CPU.ActiveCfg = Debug|Any CPU
		{2789EDAA-08D0-4AA0-91CA-D634E78CC908}.Debug|Any CPU.Build.0 = Debug|Any CPU
		{2789EDAA-08D0-4AA0-91CA-D634E78CC908}.Release|Any CPU.ActiveCfg = Release|Any CPU
		{2789EDAA-08D0-4AA0-91CA-D634E78CC908}.Release|Any CPU.Build.0 = Release|Any CPU
		{952C29D0-3A3A-439B-8CFA-F87AB8AE2072}.Debug|Any CPU.ActiveCfg = Debug|Any CPU
		{952C29D0-3A3A-439B-8CFA-F87AB8AE2072}.Debug|Any CPU.Build.0 = Debug|Any CPU
		{952C29D0-3A3A-439B-8CFA-F87AB8AE2072}.Release|Any CPU.ActiveCfg = Release|Any CPU
		{952C29D0-3A3A-439B-8CFA-F87AB8AE2072}.Release|Any CPU.Build.0 = Release|Any CPU
	EndGlobalSection
	GlobalSection(SolutionProperties) = preSolution
		HideSolutionNode = FALSE
	EndGlobalSection
	GlobalSection(ExtensibilityGlobals) = postSolution
		SolutionGuid = {314D4700-FCD5-40DF-82CA-DD396E6335AA}
	EndGlobalSection
EndGlobal
