
Microsoft Visual Studio Solution File, Format Version 12.00
# Visual Studio 15
VisualStudioVersion = 15.0.26730.16
MinimumVisualStudioVersion = 10.0.40219.1
Project("{FAE04EC0-301F-11D3-BF4B-00C04F79EFBC}") = "P01-Count-Real-Numbers", "P01-Count-Real-Numbers\P01-Count-Real-Numbers.csproj", "{A8F1E5BA-CE85-407B-A608-C989779E2714}"
EndProject
Project("{FAE04EC0-301F-11D3-BF4B-00C04F79EFBC}") = "P02-Odd-Occurrences", "P02-Odd-Occurrences\P02-Odd-Occurrences.csproj", "{6353535D-0A43-4E4C-A52C-F43A968E27BB}"
EndProject
Project("{FAE04EC0-301F-11D3-BF4B-00C04F79EFBC}") = "P03-Min-Max-Sum-Average", "P03-Min-Max-Sum-Average\P03-Min-Max-Sum-Average.csproj", "{E2501625-0A3C-48B1-B846-EE1EF673C555}"
EndProject
Project("{FAE04EC0-301F-11D3-BF4B-00C04F79EFBC}") = "P04-Largest-3-Numbers", "P04-Largest-3-Numbers\P04-Largest-3-Numbers.csproj", "{9C5DCF18-CBE8-45CD-A115-1E908E91B1CF}"
EndProject
Project("{FAE04EC0-301F-11D3-BF4B-00C04F79EFBC}") = "P05-Short-Words-Sorted", "P05-Short-Words-Sorted\P05-Short-Words-Sorted.csproj", "{CD6FF899-D650-4A79-ACDE-475F9392A66B}"
EndProject
Project("{FAE04EC0-301F-11D3-BF4B-00C04F79EFBC}") = "P06-Fold-and-Sum", "P06-Fold-and-Sum\P06-Fold-and-Sum.csproj", "{C8D29F10-2DC7-4DE1-B288-096F501A4F98}"
EndProject
Global
	GlobalSection(SolutionConfigurationPlatforms) = preSolution
		Debug|Any CPU = Debug|Any CPU
		Release|Any CPU = Release|Any CPU
	EndGlobalSection
	GlobalSection(ProjectConfigurationPlatforms) = postSolution
		{A8F1E5BA-CE85-407B-A608-C989779E2714}.Debug|Any CPU.ActiveCfg = Debug|Any CPU
		{A8F1E5BA-CE85-407B-A608-C989779E2714}.Debug|Any CPU.Build.0 = Debug|Any CPU
		{A8F1E5BA-CE85-407B-A608-C989779E2714}.Release|Any CPU.ActiveCfg = Release|Any CPU
		{A8F1E5BA-CE85-407B-A608-C989779E2714}.Release|Any CPU.Build.0 = Release|Any CPU
		{6353535D-0A43-4E4C-A52C-F43A968E27BB}.Debug|Any CPU.ActiveCfg = Debug|Any CPU
		{6353535D-0A43-4E4C-A52C-F43A968E27BB}.Debug|Any CPU.Build.0 = Debug|Any CPU
		{6353535D-0A43-4E4C-A52C-F43A968E27BB}.Release|Any CPU.ActiveCfg = Release|Any CPU
		{6353535D-0A43-4E4C-A52C-F43A968E27BB}.Release|Any CPU.Build.0 = Release|Any CPU
		{E2501625-0A3C-48B1-B846-EE1EF673C555}.Debug|Any CPU.ActiveCfg = Debug|Any CPU
		{E2501625-0A3C-48B1-B846-EE1EF673C555}.Debug|Any CPU.Build.0 = Debug|Any CPU
		{E2501625-0A3C-48B1-B846-EE1EF673C555}.Release|Any CPU.ActiveCfg = Release|Any CPU
		{E2501625-0A3C-48B1-B846-EE1EF673C555}.Release|Any CPU.Build.0 = Release|Any CPU
		{9C5DCF18-CBE8-45CD-A115-1E908E91B1CF}.Debug|Any CPU.ActiveCfg = Debug|Any CPU
		{9C5DCF18-CBE8-45CD-A115-1E908E91B1CF}.Debug|Any CPU.Build.0 = Debug|Any CPU
		{9C5DCF18-CBE8-45CD-A115-1E908E91B1CF}.Release|Any CPU.ActiveCfg = Release|Any CPU
		{9C5DCF18-CBE8-45CD-A115-1E908E91B1CF}.Release|Any CPU.Build.0 = Release|Any CPU
		{CD6FF899-D650-4A79-ACDE-475F9392A66B}.Debug|Any CPU.ActiveCfg = Debug|Any CPU
		{CD6FF899-D650-4A79-ACDE-475F9392A66B}.Debug|Any CPU.Build.0 = Debug|Any CPU
		{CD6FF899-D650-4A79-ACDE-475F9392A66B}.Release|Any CPU.ActiveCfg = Release|Any CPU
		{CD6FF899-D650-4A79-ACDE-475F9392A66B}.Release|Any CPU.Build.0 = Release|Any CPU
		{C8D29F10-2DC7-4DE1-B288-096F501A4F98}.Debug|Any CPU.ActiveCfg = Debug|Any CPU
		{C8D29F10-2DC7-4DE1-B288-096F501A4F98}.Debug|Any CPU.Build.0 = Debug|Any CPU
		{C8D29F10-2DC7-4DE1-B288-096F501A4F98}.Release|Any CPU.ActiveCfg = Release|Any CPU
		{C8D29F10-2DC7-4DE1-B288-096F501A4F98}.Release|Any CPU.Build.0 = Release|Any CPU
	EndGlobalSection
	GlobalSection(SolutionProperties) = preSolution
		HideSolutionNode = FALSE
	EndGlobalSection
	GlobalSection(ExtensibilityGlobals) = postSolution
		SolutionGuid = {56B4646A-20EC-405B-BC13-F2B91E50CCDC}
	EndGlobalSection
EndGlobal
