
Microsoft Visual Studio Solution File, Format Version 12.00
# Visual Studio 15
VisualStudioVersion = 15.0.26730.16
MinimumVisualStudioVersion = 10.0.40219.1
Project("{FAE04EC0-301F-11D3-BF4B-00C04F79EFBC}") = "P01-Greeting", "P01-Greeting\P01-Greeting.csproj", "{9C6446A9-7132-4F77-A471-71A8F6530D9F}"
EndProject
Project("{FAE04EC0-301F-11D3-BF4B-00C04F79EFBC}") = "P02-Add-Two-Numbers", "P02-Add-Two-Numbers\P02-Add-Two-Numbers.csproj", "{43264D38-25BA-4D33-B742-FDF13F38C6D0}"
EndProject
Project("{FAE04EC0-301F-11D3-BF4B-00C04F79EFBC}") = "P03-Employee-Data", "P03-Employee-Data\P03-Employee-Data.csproj", "{26B241C0-06EF-4202-AB4F-329D88639A86}"
EndProject
Global
	GlobalSection(SolutionConfigurationPlatforms) = preSolution
		Debug|Any CPU = Debug|Any CPU
		Release|Any CPU = Release|Any CPU
	EndGlobalSection
	GlobalSection(ProjectConfigurationPlatforms) = postSolution
		{9C6446A9-7132-4F77-A471-71A8F6530D9F}.Debug|Any CPU.ActiveCfg = Debug|Any CPU
		{9C6446A9-7132-4F77-A471-71A8F6530D9F}.Debug|Any CPU.Build.0 = Debug|Any CPU
		{9C6446A9-7132-4F77-A471-71A8F6530D9F}.Release|Any CPU.ActiveCfg = Release|Any CPU
		{9C6446A9-7132-4F77-A471-71A8F6530D9F}.Release|Any CPU.Build.0 = Release|Any CPU
		{43264D38-25BA-4D33-B742-FDF13F38C6D0}.Debug|Any CPU.ActiveCfg = Debug|Any CPU
		{43264D38-25BA-4D33-B742-FDF13F38C6D0}.Debug|Any CPU.Build.0 = Debug|Any CPU
		{43264D38-25BA-4D33-B742-FDF13F38C6D0}.Release|Any CPU.ActiveCfg = Release|Any CPU
		{43264D38-25BA-4D33-B742-FDF13F38C6D0}.Release|Any CPU.Build.0 = Release|Any CPU
		{26B241C0-06EF-4202-AB4F-329D88639A86}.Debug|Any CPU.ActiveCfg = Debug|Any CPU
		{26B241C0-06EF-4202-AB4F-329D88639A86}.Debug|Any CPU.Build.0 = Debug|Any CPU
		{26B241C0-06EF-4202-AB4F-329D88639A86}.Release|Any CPU.ActiveCfg = Release|Any CPU
		{26B241C0-06EF-4202-AB4F-329D88639A86}.Release|Any CPU.Build.0 = Release|Any CPU
	EndGlobalSection
	GlobalSection(SolutionProperties) = preSolution
		HideSolutionNode = FALSE
	EndGlobalSection
	GlobalSection(ExtensibilityGlobals) = postSolution
		SolutionGuid = {3BAF866D-B048-403F-B7CD-20D55060E7D8}
	EndGlobalSection
EndGlobal
