
Microsoft Visual Studio Solution File, Format Version 12.00
# Visual Studio 15
VisualStudioVersion = 15.0.27004.2008
MinimumVisualStudioVersion = 10.0.40219.1
Project("{FAE04EC0-301F-11D3-BF4B-00C04F79EFBC}") = "P01-Sweet-Dessert", "P01-Sweet-Dessert\P01-Sweet-Dessert.csproj", "{7FAE71BD-1A24-4897-A510-22F862800777}"
EndProject
Project("{FAE04EC0-301F-11D3-BF4B-00C04F79EFBC}") = "P02-Game-of-Names", "P02-Game-of-Names\P02-Game-of-Names.csproj", "{24213872-2A58-46BB-8F2D-EEA5CD0131DA}"
EndProject
Project("{FAE04EC0-301F-11D3-BF4B-00C04F79EFBC}") = "P03-Strawberry", "P03-Strawberry\P03-Strawberry.csproj", "{C825A4FD-8FC5-41D1-A024-D53A4354C326}"
EndProject
Project("{FAE04EC0-301F-11D3-BF4B-00C04F79EFBC}") = "P04-Array-Modifier", "P04-Array-Modifier\P04-Array-Modifier.csproj", "{DEEA12E0-66C3-4F54-8EEA-9C4DFC761F41}"
EndProject
Project("{FAE04EC0-301F-11D3-BF4B-00C04F79EFBC}") = "P05-Multiply-Targeted-Cell", "P05-Multiply-Targeted-Cell\P05-Multiply-Targeted-Cell.csproj", "{3D04DE17-D25A-4777-9383-8B856BCABD8F}"
EndProject
Global
	GlobalSection(SolutionConfigurationPlatforms) = preSolution
		Debug|Any CPU = Debug|Any CPU
		Release|Any CPU = Release|Any CPU
	EndGlobalSection
	GlobalSection(ProjectConfigurationPlatforms) = postSolution
		{7FAE71BD-1A24-4897-A510-22F862800777}.Debug|Any CPU.ActiveCfg = Debug|Any CPU
		{7FAE71BD-1A24-4897-A510-22F862800777}.Debug|Any CPU.Build.0 = Debug|Any CPU
		{7FAE71BD-1A24-4897-A510-22F862800777}.Release|Any CPU.ActiveCfg = Release|Any CPU
		{7FAE71BD-1A24-4897-A510-22F862800777}.Release|Any CPU.Build.0 = Release|Any CPU
		{24213872-2A58-46BB-8F2D-EEA5CD0131DA}.Debug|Any CPU.ActiveCfg = Debug|Any CPU
		{24213872-2A58-46BB-8F2D-EEA5CD0131DA}.Debug|Any CPU.Build.0 = Debug|Any CPU
		{24213872-2A58-46BB-8F2D-EEA5CD0131DA}.Release|Any CPU.ActiveCfg = Release|Any CPU
		{24213872-2A58-46BB-8F2D-EEA5CD0131DA}.Release|Any CPU.Build.0 = Release|Any CPU
		{C825A4FD-8FC5-41D1-A024-D53A4354C326}.Debug|Any CPU.ActiveCfg = Debug|Any CPU
		{C825A4FD-8FC5-41D1-A024-D53A4354C326}.Debug|Any CPU.Build.0 = Debug|Any CPU
		{C825A4FD-8FC5-41D1-A024-D53A4354C326}.Release|Any CPU.ActiveCfg = Release|Any CPU
		{C825A4FD-8FC5-41D1-A024-D53A4354C326}.Release|Any CPU.Build.0 = Release|Any CPU
		{DEEA12E0-66C3-4F54-8EEA-9C4DFC761F41}.Debug|Any CPU.ActiveCfg = Debug|Any CPU
		{DEEA12E0-66C3-4F54-8EEA-9C4DFC761F41}.Debug|Any CPU.Build.0 = Debug|Any CPU
		{DEEA12E0-66C3-4F54-8EEA-9C4DFC761F41}.Release|Any CPU.ActiveCfg = Release|Any CPU
		{DEEA12E0-66C3-4F54-8EEA-9C4DFC761F41}.Release|Any CPU.Build.0 = Release|Any CPU
		{3D04DE17-D25A-4777-9383-8B856BCABD8F}.Debug|Any CPU.ActiveCfg = Debug|Any CPU
		{3D04DE17-D25A-4777-9383-8B856BCABD8F}.Debug|Any CPU.Build.0 = Debug|Any CPU
		{3D04DE17-D25A-4777-9383-8B856BCABD8F}.Release|Any CPU.ActiveCfg = Release|Any CPU
		{3D04DE17-D25A-4777-9383-8B856BCABD8F}.Release|Any CPU.Build.0 = Release|Any CPU
	EndGlobalSection
	GlobalSection(SolutionProperties) = preSolution
		HideSolutionNode = FALSE
	EndGlobalSection
	GlobalSection(ExtensibilityGlobals) = postSolution
		SolutionGuid = {BD6CEA6D-0CA5-4744-865C-162289290323}
	EndGlobalSection
EndGlobal
